{
  "nodes": {
    "chaotic": {
      "inputs": {
        "flake-schemas": "flake-schemas",
        "home-manager": "home-manager",
        "jovian": "jovian",
        "nixpkgs": "nixpkgs",
        "rust-overlay": "rust-overlay"
      },
      "locked": {
        "lastModified": 1762966292,
        "narHash": "sha256-WJtAHPDOJRd/ecQJBFyuyqBIbDG0ocdQuBGPBRRsgew=",
        "owner": "chaotic-cx",
        "repo": "nyx",
        "rev": "037d0bb4a6b51609e66fab2221d3bca2d3b5fa3b",
        "type": "github"
      },
      "original": {
        "owner": "chaotic-cx",
        "ref": "nyxpkgs-unstable",
        "repo": "nyx",
        "type": "github"
      }
    },
    "flake-parts": {
      "inputs": {
        "nixpkgs-lib": [
          "neovim-nightly-overlay",
          "nixpkgs"
        ]
      },
      "locked": {
        "lastModified": 1762980239,
        "narHash": "sha256-8oNVE8TrD19ulHinjaqONf9QWCKK+w4url56cdStMpM=",
        "owner": "hercules-ci",
        "repo": "flake-parts",
        "rev": "52a2caecc898d0b46b2b905f058ccc5081f842da",
        "type": "github"
      },
      "original": {
        "owner": "hercules-ci",
        "repo": "flake-parts",
        "type": "github"
      }
    },
    "flake-schemas": {
      "locked": {
        "lastModified": 1721999734,
        "narHash": "sha256-G5CxYeJVm4lcEtaO87LKzOsVnWeTcHGKbKxNamNWgOw=",
        "rev": "0a5c42297d870156d9c57d8f99e476b738dcd982",
        "revCount": 75,
        "type": "tarball",
        "url": "https://api.flakehub.com/f/pinned/DeterminateSystems/flake-schemas/0.1.5/0190ef2f-61e0-794b-ba14-e82f225e55e6/source.tar.gz"
      },
      "original": {
        "type": "tarball",
        "url": "https://flakehub.com/f/DeterminateSystems/flake-schemas/%3D0.1.5.tar.gz"
      }
    },
    "flake-utils": {
      "inputs": {
        "systems": "systems"
      },
      "locked": {
        "lastModified": 1731533236,
        "narHash": "sha256-l0KFg5HjrsfsO/JpG+r7fRrqm12kzFHyUHqHCVpMMbI=",
        "owner": "numtide",
        "repo": "flake-utils",
        "rev": "11707dc2f618dd54ca8739b309ec4fc024de578b",
        "type": "github"
      },
      "original": {
        "owner": "numtide",
        "repo": "flake-utils",
        "type": "github"
      }
    },
    "home-manager": {
      "inputs": {
        "nixpkgs": [
          "chaotic",
          "nixpkgs"
        ]
      },
      "locked": {
        "lastModified": 1762787259,
        "narHash": "sha256-t2U/GLLXHa2+kJkwnFNRVc2fEJ/lUfyZXBE5iKzJdcs=",
        "owner": "nix-community",
        "repo": "home-manager",
        "rev": "37a3d97f2873e0f68711117c34d04b7c7ead8f4e",
        "type": "github"
      },
      "original": {
        "owner": "nix-community",
        "repo": "home-manager",
        "type": "github"
      }
    },
    "home-manager_2": {
      "inputs": {
        "nixpkgs": [
          "nixpkgs"
        ]
      },
      "locked": {
        "lastModified": 1762964643,
        "narHash": "sha256-RYHN8O/Aja59XDji6WSJZPkJpYVUfpSkyH+PEupBJqM=",
        "owner": "nix-community",
        "repo": "home-manager",
        "rev": "827f2a23373a774a8805f84ca5344654c31f354b",
        "type": "github"
      },
      "original": {
        "owner": "nix-community",
        "repo": "home-manager",
        "type": "github"
      }
    },
    "jovian": {
      "inputs": {
        "nix-github-actions": "nix-github-actions",
        "nixpkgs": [
          "chaotic",
          "nixpkgs"
        ]
      },
      "locked": {
        "lastModified": 1762856455,
        "narHash": "sha256-x7zgteJWIlbVexL2ubOadUXKlHSjh0RAjLO1KfWdgpU=",
        "owner": "Jovian-Experiments",
        "repo": "Jovian-NixOS",
        "rev": "29a671ae20223d182eaf54b963a735230497c2f9",
        "type": "github"
      },
      "original": {
        "owner": "Jovian-Experiments",
        "repo": "Jovian-NixOS",
        "type": "github"
      }
    },
    "neovim-nightly-overlay": {
      "inputs": {
        "flake-parts": "flake-parts",
        "neovim-src": "neovim-src",
        "nixpkgs": "nixpkgs_2"
      },
      "locked": {
        "lastModified": 1763078664,
        "narHash": "sha256-HDuT9S50/3+2blDIL4Y5qX8g5bA5FtpzP9lyagmyNq4=",
        "owner": "nix-community",
        "repo": "neovim-nightly-overlay",
        "rev": "994eb1828abe40f256e27ff38663b4f3f819d4cb",
        "type": "github"
      },
      "original": {
        "owner": "nix-community",
        "repo": "neovim-nightly-overlay",
        "type": "github"
      }
    },
    "neovim-src": {
      "flake": false,
      "locked": {
        "lastModified": 1763078375,
        "narHash": "sha256-oGwmSPl+FA0y2uPEGkkavr5sxLkpHR6+Cio8eZ8OtPo=",
        "owner": "neovim",
        "repo": "neovim",
        "rev": "d017f3c9a0b745e0c57feb8c92dcc852948f7301",
        "type": "github"
      },
      "original": {
        "owner": "neovim",
        "repo": "neovim",
        "type": "github"
      }
    },
    "ninelore": {
      "inputs": {
        "nix-index-database": "nix-index-database",
        "nixos-generators": "nixos-generators",
        "nixpkgs": "nixpkgs_3"
      },
      "locked": {
        "lastModified": 1763091771,
        "narHash": "sha256-SyY4qVSPxjcwgZpXqp5v1324LfrFRx8VY32ySZGB9sg=",
        "owner": "ninelore",
        "repo": "flake",
        "rev": "5b7cbb59878956c9b7fd0609b4ba10b9641eafd0",
        "type": "github"
      },
      "original": {
        "owner": "ninelore",
        "repo": "flake",
        "type": "github"
      }
    },
    "nix-github-actions": {
      "inputs": {
        "nixpkgs": [
          "chaotic",
          "jovian",
          "nixpkgs"
        ]
      },
      "locked": {
        "lastModified": 1729697500,
        "narHash": "sha256-VFTWrbzDlZyFHHb1AlKRiD/qqCJIripXKiCSFS8fAOY=",
        "owner": "zhaofengli",
        "repo": "nix-github-actions",
        "rev": "e418aeb728b6aa5ca8c5c71974e7159c2df1d8cf",
        "type": "github"
      },
      "original": {
        "owner": "zhaofengli",
        "ref": "matrix-name",
        "repo": "nix-github-actions",
        "type": "github"
      }
    },
    "nix-index-database": {
      "inputs": {
        "nixpkgs": [
          "ninelore",
          "nixpkgs"
        ]
      },
      "locked": {
        "lastModified": 1762660502,
        "narHash": "sha256-C9F1C31ys0V7mnp4EcDy7L1cLZw/sCTEXqqTtGnvu08=",
        "owner": "nix-community",
        "repo": "nix-index-database",
        "rev": "15c5451c63f4c612874a43846bfe3fa828b03eee",
        "type": "github"
      },
      "original": {
        "owner": "nix-community",
        "repo": "nix-index-database",
        "type": "github"
      }
    },
    "nix-index-database_2": {
      "inputs": {
        "nixpkgs": [
          "nixpkgs"
        ]
      },
      "locked": {
        "lastModified": 1762660502,
        "narHash": "sha256-C9F1C31ys0V7mnp4EcDy7L1cLZw/sCTEXqqTtGnvu08=",
        "owner": "nix-community",
        "repo": "nix-index-database",
        "rev": "15c5451c63f4c612874a43846bfe3fa828b03eee",
        "type": "github"
      },
      "original": {
        "owner": "nix-community",
        "repo": "nix-index-database",
        "type": "github"
      }
    },
    "nixgl": {
      "inputs": {
        "flake-utils": "flake-utils",
        "nixpkgs": [
          "nixpkgs"
        ]
      },
      "locked": {
        "lastModified": 1762090880,
        "narHash": "sha256-fbRQzIGPkjZa83MowjbD2ALaJf9y6KMDdJBQMKFeY/8=",
        "owner": "nix-community",
        "repo": "nixGL",
        "rev": "b6105297e6f0cd041670c3e8628394d4ee247ed5",
        "type": "github"
      },
      "original": {
        "owner": "nix-community",
        "repo": "nixGL",
        "type": "github"
      }
    },
    "nixlib": {
      "locked": {
        "lastModified": 1736643958,
        "narHash": "sha256-tmpqTSWVRJVhpvfSN9KXBvKEXplrwKnSZNAoNPf/S/s=",
        "owner": "nix-community",
        "repo": "nixpkgs.lib",
        "rev": "1418bc28a52126761c02dd3d89b2d8ca0f521181",
        "type": "github"
      },
      "original": {
        "owner": "nix-community",
        "repo": "nixpkgs.lib",
        "type": "github"
      }
    },
    "nixos-generators": {
      "inputs": {
        "nixlib": "nixlib",
        "nixpkgs": [
          "ninelore",
          "nixpkgs"
        ]
      },
      "locked": {
        "lastModified": 1751903740,
        "narHash": "sha256-PeSkNMvkpEvts+9DjFiop1iT2JuBpyknmBUs0Un0a4I=",
        "owner": "nix-community",
        "repo": "nixos-generators",
        "rev": "032decf9db65efed428afd2fa39d80f7089085eb",
        "type": "github"
      },
      "original": {
        "owner": "nix-community",
        "repo": "nixos-generators",
        "type": "github"
      }
    },
    "nixos-hardware": {
      "locked": {
        "lastModified": 1762847253,
        "narHash": "sha256-BWWnUUT01lPwCWUvS0p6Px5UOBFeXJ8jR+ZdLX8IbrU=",
        "owner": "NixOS",
        "repo": "nixos-hardware",
        "rev": "899dc449bc6428b9ee6b3b8f771ca2b0ef945ab9",
        "type": "github"
      },
      "original": {
        "owner": "NixOS",
        "repo": "nixos-hardware",
        "type": "github"
      }
    },
    "nixpkgs": {
      "locked": {
        "lastModified": 1762844143,
        "narHash": "sha256-SlybxLZ1/e4T2lb1czEtWVzDCVSTvk9WLwGhmxFmBxI=",
        "owner": "NixOS",
        "repo": "nixpkgs",
        "rev": "9da7f1cf7f8a6e2a7cb3001b048546c92a8258b4",
        "type": "github"
      },
      "original": {
        "owner": "NixOS",
        "ref": "nixos-unstable",
        "repo": "nixpkgs",
        "type": "github"
      }
    },
    "nixpkgs_2": {
      "locked": {
        "lastModified": 1762943920,
        "narHash": "sha256-ITeH8GBpQTw9457ICZBddQEBjlXMmilML067q0e6vqY=",
        "owner": "NixOS",
        "repo": "nixpkgs",
        "rev": "91c9a64ce2a84e648d0cf9671274bb9c2fb9ba60",
        "type": "github"
      },
      "original": {
        "owner": "NixOS",
        "ref": "nixpkgs-unstable",
        "repo": "nixpkgs",
        "type": "github"
      }
    },
    "nixpkgs_3": {
      "locked": {
        "lastModified": 1762977756,
        "narHash": "sha256-4PqRErxfe+2toFJFgcRKZ0UI9NSIOJa+7RXVtBhy4KE=",
        "owner": "nixos",
        "repo": "nixpkgs",
        "rev": "c5ae371f1a6a7fd27823bc500d9390b38c05fa55",
        "type": "github"
      },
      "original": {
        "owner": "nixos",
        "ref": "nixos-unstable",
        "repo": "nixpkgs",
        "type": "github"
      }
    },
    "nixpkgs_4": {
      "locked": {
        "lastModified": 1762977756,
        "narHash": "sha256-4PqRErxfe+2toFJFgcRKZ0UI9NSIOJa+7RXVtBhy4KE=",
        "owner": "nixos",
        "repo": "nixpkgs",
        "rev": "c5ae371f1a6a7fd27823bc500d9390b38c05fa55",
        "type": "github"
      },
      "original": {
        "owner": "nixos",
        "ref": "nixos-unstable",
        "repo": "nixpkgs",
        "type": "github"
      }
    },
    "root": {
      "inputs": {
        "chaotic": "chaotic",
        "home-manager": "home-manager_2",
        "neovim-nightly-overlay": "neovim-nightly-overlay",
        "ninelore": "ninelore",
        "nix-index-database": "nix-index-database_2",
        "nixgl": "nixgl",
        "nixos-hardware": "nixos-hardware",
        "nixpkgs": "nixpkgs_4"
      }
    },
    "rust-overlay": {
      "inputs": {
        "nixpkgs": [
          "chaotic",
          "nixpkgs"
        ]
      },
      "locked": {
        "lastModified": 1762915112,
        "narHash": "sha256-d9j1g8nKmYDHy+/bIOPQTh9IwjRliqaTM0QLHMV92Ic=",
        "owner": "oxalica",
        "repo": "rust-overlay",
        "rev": "aa1e85921cfa04de7b6914982a94621fbec5cc02",
        "type": "github"
      },
      "original": {
        "owner": "oxalica",
        "repo": "rust-overlay",
        "type": "github"
      }
    },
    "systems": {
      "locked": {
        "lastModified": 1681028828,
        "narHash": "sha256-Vy1rq5AaRuLzOxct8nz4T6wlgyUR7zLU309k9mBC768=",
        "owner": "nix-systems",
        "repo": "default",
        "rev": "da67096a3b9bf56a91d16901293e51ba5b49a27e",
        "type": "github"
      },
      "original": {
        "owner": "nix-systems",
        "repo": "default",
        "type": "github"
      }
    }
  },
  "root": "root",
  "version": 7
}
