{
  "nodes": {
    "cardwire": {
      "inputs": {
        "fenix": "fenix",
        "git-hooks": "git-hooks",
        "nixpkgs": [
          "nixpkgs"
        ]
      },
      "locked": {
        "lastModified": 1786890778,
        "narHash": "sha256-FRRxZjU2kk6l6aeY8D1swRm0VtRVBg2Wb28BJKP5jCA=",
        "owner": "opengamingcollective",
        "repo": "cardwire",
        "rev": "96dffa5267c706e502816cfa0fee1dd09bd54271",
        "type": "github"
      },
      "original": {
        "owner": "opengamingcollective",
        "repo": "cardwire",
        "type": "github"
      }
    },
    "fenix": {
      "inputs": {
        "nixpkgs": "nixpkgs",
        "rust-analyzer-src": "rust-analyzer-src"
      },
      "locked": {
        "lastModified": 1785572837,
        "narHash": "sha256-7HLoqxURizfu1Gs5Xg0OTwi9s9Ewh7JpBeE2xVoZHAU=",
        "owner": "nix-community",
        "repo": "fenix",
        "rev": "e6dc05cac3bc08fc8b00cc1571a456a47d7ca782",
        "type": "github"
      },
      "original": {
        "owner": "nix-community",
        "ref": "monthly",
        "repo": "fenix",
        "type": "github"
      }
    },
    "flake-compat": {
      "flake": false,
      "locked": {
        "lastModified": 1767039857,
        "narHash": "sha256-vNpUSpF5Nuw8xvDLj2KCwwksIbjua2LZCqhV1LNRDns=",
        "owner": "NixOS",
        "repo": "flake-compat",
        "rev": "5edf11c44bc78a0d334f6334cdaf7d60d732daab",
        "type": "github"
      },
      "original": {
        "owner": "NixOS",
        "repo": "flake-compat",
        "type": "github"
      }
    },
    "flake-compat_2": {
      "flake": false,
      "locked": {
        "lastModified": 1767039857,
        "narHash": "sha256-vNpUSpF5Nuw8xvDLj2KCwwksIbjua2LZCqhV1LNRDns=",
        "owner": "NixOS",
        "repo": "flake-compat",
        "rev": "5edf11c44bc78a0d334f6334cdaf7d60d732daab",
        "type": "github"
      },
      "original": {
        "owner": "NixOS",
        "repo": "flake-compat",
        "type": "github"
      }
    },
    "flake-parts": {
      "inputs": {
        "nixpkgs-lib": "nixpkgs-lib"
      },
      "locked": {
        "lastModified": 1785627969,
        "narHash": "sha256-4dtXQk/NMePegK/nWp5NSeuZKLATItOq61lpEvmXqGw=",
        "owner": "hercules-ci",
        "repo": "flake-parts",
        "rev": "427bf4bd9435fdf21321c8cc628c24efc14c0f7a",
        "type": "github"
      },
      "original": {
        "owner": "hercules-ci",
        "repo": "flake-parts",
        "type": "github"
      }
    },
    "git-hooks": {
      "inputs": {
        "flake-compat": "flake-compat",
        "nixpkgs": "nixpkgs_2"
      },
      "locked": {
        "lastModified": 1784288435,
        "narHash": "sha256-ReRHaLgr/uVqdD8afFSn+myXIfpHeOhP0yYe0TJqAA8=",
        "owner": "cachix",
        "repo": "git-hooks.nix",
        "rev": "43b3c1ab9d40fb1dbb008f451988a91e375825e9",
        "type": "github"
      },
      "original": {
        "owner": "cachix",
        "repo": "git-hooks.nix",
        "type": "github"
      }
    },
    "home-manager": {
      "inputs": {
        "nixpkgs": [
          "nixpkgs"
        ]
      },
      "locked": {
        "lastModified": 1786999651,
        "narHash": "sha256-MTGMFlLDTklsXhCp4r5GXB4VAVadPdalXLvUjd/K7h0=",
        "owner": "nix-community",
        "repo": "home-manager",
        "rev": "353742587cbaf079b3caee743115d037bc51fea6",
        "type": "github"
      },
      "original": {
        "owner": "nix-community",
        "repo": "home-manager",
        "type": "github"
      }
    },
    "ninelore": {
      "inputs": {
        "nix-index-database": "nix-index-database",
        "nixpkgs": "nixpkgs_3"
      },
      "locked": {
        "lastModified": 1787105280,
        "narHash": "sha256-BwmGkU4GxkIgjCSOaNIQnuaqWXPWnjqwyeQ31N+Q1wE=",
        "owner": "ninelore",
        "repo": "flake",
        "rev": "5e4a2574dac36b9508e93bff4e3b115c0c0d6439",
        "type": "github"
      },
      "original": {
        "owner": "ninelore",
        "repo": "flake",
        "type": "github"
      }
    },
    "niri": {
      "inputs": {
        "niri-stable": "niri-stable",
        "niri-unstable": "niri-unstable",
        "nixpkgs": [
          "nixpkgs"
        ],
        "nixpkgs-stable": "nixpkgs-stable",
        "xwayland-satellite-stable": "xwayland-satellite-stable",
        "xwayland-satellite-unstable": "xwayland-satellite-unstable"
      },
      "locked": {
        "lastModified": 1787074662,
        "narHash": "sha256-2bUwFaa2IE6ciZMQ2LTW3SwwsjlER7dy5h/IYCdcMzA=",
        "owner": "epireyn",
        "repo": "niri-flake",
        "rev": "848c675743727be47897a99f006ba1744ede959b",
        "type": "github"
      },
      "original": {
        "owner": "epireyn",
        "repo": "niri-flake",
        "type": "github"
      }
    },
    "niri-stable": {
      "flake": false,
      "locked": {
        "lastModified": 1777115961,
        "narHash": "sha256-ehSMsSpE+0k8r+2Vseu8kangsYxToZv3vinynsDp9zs=",
        "owner": "niri-wm",
        "repo": "niri",
        "rev": "8ed0da44d974c32c6877d2f4630c314da0717ecb",
        "type": "github"
      },
      "original": {
        "owner": "niri-wm",
        "ref": "v26.04",
        "repo": "niri",
        "type": "github"
      }
    },
    "niri-unstable": {
      "flake": false,
      "locked": {
        "lastModified": 1787066149,
        "narHash": "sha256-uJKImwjqQ6Y+5b1IN93j6rEKGRoR0CsOuC/7vqluhJM=",
        "owner": "niri-wm",
        "repo": "niri",
        "rev": "e9b215fef4b11ad36776553fb8bd45118ef03b03",
        "type": "github"
      },
      "original": {
        "owner": "niri-wm",
        "repo": "niri",
        "type": "github"
      }
    },
    "nix-cachyos-kernel": {
      "inputs": {
        "flake-compat": "flake-compat_2",
        "flake-parts": "flake-parts",
        "nixpkgs": "nixpkgs_4"
      },
      "locked": {
        "lastModified": 1787075944,
        "narHash": "sha256-E5rJi/5sc6R/qGq8fgcDIQddp5qLhTiKEZl4QH3NghQ=",
        "owner": "xddxdd",
        "repo": "nix-cachyos-kernel",
        "rev": "2e3d6f313f83b7eacd94467c0f693c87774872a5",
        "type": "github"
      },
      "original": {
        "owner": "xddxdd",
        "ref": "release",
        "repo": "nix-cachyos-kernel",
        "type": "github"
      }
    },
    "nix-index-database": {
      "inputs": {
        "nixpkgs": [
          "ninelore",
          "nixpkgs"
        ]
      },
      "locked": {
        "lastModified": 1786852476,
        "narHash": "sha256-IM5CYtf86W4w8eUPpKcY/LpdHElmVBtJhaKnoTKxZEA=",
        "owner": "nix-community",
        "repo": "nix-index-database",
        "rev": "c7962dc97b45129df8d751bedaf37beb5a17706e",
        "type": "github"
      },
      "original": {
        "owner": "nix-community",
        "repo": "nix-index-database",
        "type": "github"
      }
    },
    "nix-index-database_2": {
      "inputs": {
        "nixpkgs": [
          "nixpkgs"
        ]
      },
      "locked": {
        "lastModified": 1786852476,
        "narHash": "sha256-IM5CYtf86W4w8eUPpKcY/LpdHElmVBtJhaKnoTKxZEA=",
        "owner": "nix-community",
        "repo": "nix-index-database",
        "rev": "c7962dc97b45129df8d751bedaf37beb5a17706e",
        "type": "github"
      },
      "original": {
        "owner": "nix-community",
        "repo": "nix-index-database",
        "type": "github"
      }
    },
    "nixos-hardware": {
      "inputs": {
        "nixpkgs": "nixpkgs_5"
      },
      "locked": {
        "lastModified": 1786867632,
        "narHash": "sha256-ez+ubZlA1RtdjCB18a6zJ9M4u8qoPDy08EcnsW5M3Xw=",
        "owner": "NixOS",
        "repo": "nixos-hardware",
        "rev": "ff17823245ab9ff7bcae6acf950bd89cba82c38c",
        "type": "github"
      },
      "original": {
        "owner": "NixOS",
        "repo": "nixos-hardware",
        "type": "github"
      }
    },
    "nixpkgs": {
      "locked": {
        "lastModified": 1785454630,
        "narHash": "sha256-LQy14TZp77TwbQf40gg1V3jo8FwJG0jGDkAH+zRHqg8=",
        "owner": "nixos",
        "repo": "nixpkgs",
        "rev": "1559d3daa3ecc813a650b79375ea61b6741b8746",
        "type": "github"
      },
      "original": {
        "owner": "nixos",
        "ref": "nixos-unstable",
        "repo": "nixpkgs",
        "type": "github"
      }
    },
    "nixpkgs-lib": {
      "locked": {
        "lastModified": 1785031560,
        "narHash": "sha256-OmshNvn2vupOFpYinLUu+1Dnpu4n7Q5N3ggGVNHpkUI=",
        "owner": "nix-community",
        "repo": "nixpkgs.lib",
        "rev": "0e79af5e3d4dcfcd676ab5ba3f95d2e3352e078c",
        "type": "github"
      },
      "original": {
        "owner": "nix-community",
        "repo": "nixpkgs.lib",
        "type": "github"
      }
    },
    "nixpkgs-stable": {
      "locked": {
        "lastModified": 1787042014,
        "narHash": "sha256-lgnV/xeEatfEnPZG0RrXS0fhcr63p3tsVvL1GdaVkJQ=",
        "owner": "NixOS",
        "repo": "nixpkgs",
        "rev": "c69ae8fb8faeb3472fd11234ba55a70ac3601f9b",
        "type": "github"
      },
      "original": {
        "owner": "NixOS",
        "ref": "nixos-26.05",
        "repo": "nixpkgs",
        "type": "github"
      }
    },
    "nixpkgs_2": {
      "locked": {
        "lastModified": 1782918843,
        "narHash": "sha256-ETYnV9U7Sr+A45dohzZdfCZKOss4qrTkO+wgNZNvEc0=",
        "owner": "NixOS",
        "repo": "nixpkgs",
        "rev": "e8273b29fe1390ec8d4603f2477357555291432e",
        "type": "github"
      },
      "original": {
        "owner": "NixOS",
        "ref": "nixpkgs-unstable",
        "repo": "nixpkgs",
        "type": "github"
      }
    },
    "nixpkgs_3": {
      "locked": {
        "lastModified": 1787001381,
        "narHash": "sha256-Ue1Yo8gfHdD4TMtNewhA4tkSYeFqXThju0nCyJc3ALo=",
        "owner": "nixos",
        "repo": "nixpkgs",
        "rev": "ec2d622de0773551768cf98f3fc50cbcc003b9c5",
        "type": "github"
      },
      "original": {
        "owner": "nixos",
        "ref": "nixos-unstable",
        "repo": "nixpkgs",
        "type": "github"
      }
    },
    "nixpkgs_4": {
      "locked": {
        "lastModified": 1787056454,
        "narHash": "sha256-mwSuxTG/BIwFJUHBwhS8ENlq2LJodCPXyk+AG4Dv6yk=",
        "owner": "NixOS",
        "repo": "nixpkgs",
        "rev": "ced43465ad23b2fdea055be721e79895cbf96c28",
        "type": "github"
      },
      "original": {
        "owner": "NixOS",
        "ref": "nixos-unstable-small",
        "repo": "nixpkgs",
        "type": "github"
      }
    },
    "nixpkgs_5": {
      "locked": {
        "lastModified": 1767892417,
        "narHash": "sha256-8bW3q88CEg2u4hSP66Vf4lpbLonHz7hqDNBMcCY7E9U=",
        "rev": "3497aa5c9457a9d88d71fa93a4a8368816fbeeba",
        "type": "tarball",
        "url": "https://releases.nixos.org/nixos/unstable/nixos-26.05pre924538.3497aa5c9457/nixexprs.tar.xz"
      },
      "original": {
        "type": "tarball",
        "url": "https://channels.nixos.org/nixos-unstable/nixexprs.tar.xz"
      }
    },
    "nixpkgs_6": {
      "locked": {
        "lastModified": 1787001381,
        "narHash": "sha256-Ue1Yo8gfHdD4TMtNewhA4tkSYeFqXThju0nCyJc3ALo=",
        "owner": "nixos",
        "repo": "nixpkgs",
        "rev": "ec2d622de0773551768cf98f3fc50cbcc003b9c5",
        "type": "github"
      },
      "original": {
        "owner": "nixos",
        "ref": "nixos-unstable",
        "repo": "nixpkgs",
        "type": "github"
      }
    },
    "nixpkgs_7": {
      "locked": {
        "lastModified": 1786599213,
        "narHash": "sha256-yjGG65gA1jORt0hWxjzrnw3AYkIn8EWolp8vezwXZ3I=",
        "rev": "0e251e24a4f24e036a084b6b4b2d2491af4167f4",
        "type": "tarball",
        "url": "https://releases.nixos.org/nixos/unstable/nixos-26.11pre1053317.0e251e24a4f2/nixexprs.tar.zst"
      },
      "original": {
        "type": "tarball",
        "url": "https://channels.nixos.org/nixos-unstable/nixexprs.tar.zst"
      }
    },
    "noctalia": {
      "inputs": {
        "nixpkgs": "nixpkgs_7"
      },
      "locked": {
        "lastModified": 1787104887,
        "narHash": "sha256-A5FKpGUbHiNZBciD8Hx0eRIts6/dehDsrCp8CuRyn6E=",
        "owner": "noctalia-dev",
        "repo": "noctalia",
        "rev": "f7b0a4aa258e4976b307a9b5d8ee4c0aa1508e0e",
        "type": "github"
      },
      "original": {
        "owner": "noctalia-dev",
        "ref": "cachix",
        "repo": "noctalia",
        "type": "github"
      }
    },
    "root": {
      "inputs": {
        "cardwire": "cardwire",
        "home-manager": "home-manager",
        "ninelore": "ninelore",
        "niri": "niri",
        "nix-cachyos-kernel": "nix-cachyos-kernel",
        "nix-index-database": "nix-index-database_2",
        "nixos-hardware": "nixos-hardware",
        "nixpkgs": "nixpkgs_6",
        "noctalia": "noctalia"
      }
    },
    "rust-analyzer-src": {
      "flake": false,
      "locked": {
        "lastModified": 1785509417,
        "narHash": "sha256-KO1aylbnpZTW1l/8c1MoUPIbwPh5eSM0+VOsksXiXU4=",
        "owner": "rust-lang",
        "repo": "rust-analyzer",
        "rev": "e4e67338eaf4724e4e6e1525711e00b85d174cf9",
        "type": "github"
      },
      "original": {
        "owner": "rust-lang",
        "ref": "nightly",
        "repo": "rust-analyzer",
        "type": "github"
      }
    },
    "xwayland-satellite-stable": {
      "flake": false,
      "locked": {
        "lastModified": 1771195969,
        "narHash": "sha256-BUE41HjLIGPjq3U8VXPjf8asH8GaMI7FYdgrIHKFMXA=",
        "owner": "Supreeeme",
        "repo": "xwayland-satellite",
        "rev": "536bd32efc935bf876d6de385ec18a1b715c9358",
        "type": "github"
      },
      "original": {
        "owner": "Supreeeme",
        "ref": "v0.8.1",
        "repo": "xwayland-satellite",
        "type": "github"
      }
    },
    "xwayland-satellite-unstable": {
      "flake": false,
      "locked": {
        "lastModified": 1786221058,
        "narHash": "sha256-hF2atQzapHBLX5NFqJMcKZAWHfGkKQeNu1eQr46+AGg=",
        "owner": "Supreeeme",
        "repo": "xwayland-satellite",
        "rev": "3bc915f09dd62bb2651a715114f9d140344bc6c1",
        "type": "github"
      },
      "original": {
        "owner": "Supreeeme",
        "repo": "xwayland-satellite",
        "type": "github"
      }
    }
  },
  "root": "root",
  "version": 7
}
